
Microsoft Visual Studio Solution File, Format Version 12.00
# Visual Studio Version 17
VisualStudioVersion = 17.0.31903.59
MinimumVisualStudioVersion = 10.0.40219.1
Project("{2150E333-8FDC-42A3-9474-1A3956D46DE8}") = "Bootstrapper", "Bootstrapper", "{5310A871-B8F0-0791-A052-C8A19D59FF82}"
EndProject
Project("{2150E333-8FDC-42A3-9474-1A3956D46DE8}") = "Modules", "Modules", "{CA253913-39DE-BFD0-C9A3-4B7EC6FBDF17}"
EndProject
Project("{2150E333-8FDC-42A3-9474-1A3956D46DE8}") = "Shared", "Shared", "{4F52FD11-658E-A102-6CD3-7D7C16FFA15B}"
EndProject
Project("{FAE04EC0-301F-11D3-BF4B-00C04F79EFBC}") = "Api", "Bootstrapper\Api\Api.csproj", "{A347E0D7-0F56-44AB-89E8-0558C3D7C358}"
EndProject
Project("{FAE04EC0-301F-11D3-BF4B-00C04F79EFBC}") = "Shared", "Shared\Shared\Shared.csproj", "{BCC1C283-FCE2-4528-9CDA-07652AB4B92E}"
EndProject
Project("{2150E333-8FDC-42A3-9474-1A3956D46DE8}") = "Collateral", "Collateral", "{4EBE67D9-B4EF-C36F-5CF8-78BC850532FE}"
EndProject
Project("{FAE04EC0-301F-11D3-BF4B-00C04F79EFBC}") = "Collateral", "Modules\Collateral\Collateral\Collateral.csproj", "{7B3A9AE3-5303-4E98-B0FC-901391F75327}"
EndProject
Project("{2150E333-8FDC-42A3-9474-1A3956D46DE8}") = "Request", "Request", "{9C82B30F-888B-A964-7682-5BFC69CDDDCC}"
EndProject
Project("{FAE04EC0-301F-11D3-BF4B-00C04F79EFBC}") = "Request", "Modules\Request\Request\Request.csproj", "{2A31BE3B-06A9-433A-ACC3-81AB94128966}"
EndProject
Project("{2150E333-8FDC-42A3-9474-1A3956D46DE8}") = "Notification", "Notification", "{71BE00F0-B5FC-9745-C01A-A42F4D935C52}"
EndProject
Project("{FAE04EC0-301F-11D3-BF4B-00C04F79EFBC}") = "Notification", "Modules\Notification\Notification\Notification.csproj", "{1CA7B1C3-50E5-4ECD-BCE2-D4CF1EF45F44}"
EndProject
Project("{FAE04EC0-301F-11D3-BF4B-00C04F79EFBC}") = "Request.Contracts", "Modules\Request\Request.Contracts\Request.Contracts.csproj", "{4295FD24-FDBA-44AD-B25C-C8C053E0FC3F}"
EndProject
Project("{FAE04EC0-301F-11D3-BF4B-00C04F79EFBC}") = "Shared.Contracts", "Shared\Shared.Contracts\Shared.Contracts.csproj", "{87CD2743-C371-4E88-9B57-D222C0DFC5FF}"
EndProject
Project("{FAE04EC0-301F-11D3-BF4B-00C04F79EFBC}") = "Shared.Messaging", "Shared\Shared.Messaging\Shared.Messaging.csproj", "{D88A318C-EC22-4AB2-A5AE-70F029BB6D99}"
EndProject
Project("{2150E333-8FDC-42A3-9474-1A3956D46DE8}") = "Auth", "Auth", "{120F68EA-3321-40EB-8BEC-35EB788F7776}"
EndProject
Project("{FAE04EC0-301F-11D3-BF4B-00C04F79EFBC}") = "Auth", "Modules\Auth\Auth\Auth.csproj", "{D7FCEF6A-C616-4D19-A0ED-942E18939DBC}"
EndProject
Project("{FAE04EC0-301F-11D3-BF4B-00C04F79EFBC}") = "OAuth2OpenId", "Modules\Auth\OAuth2OpenId\OAuth2OpenId.csproj", "{69F1BC54-92EF-4551-A933-9805B91909B5}"
EndProject
Project("{2150E333-8FDC-42A3-9474-1A3956D46DE8}") = "Document", "Document", "{D346542E-8B5C-9E1A-E7F7-0F6183E3D428}"
EndProject
Project("{FAE04EC0-301F-11D3-BF4B-00C04F79EFBC}") = "Document", "Modules\Document\Document\Document.csproj", "{9F3CD4BC-115B-4A1A-803B-E29AF7F42530}"
EndProject
Project("{FAE04EC0-301F-11D3-BF4B-00C04F79EFBC}") = "Document.Contracts", "Modules\Document\Document.Contracts\Document.Contracts.csproj", "{13F55613-B5E3-4060-979F-EBF107A3FFE8}"
EndProject
Project("{2150E333-8FDC-42A3-9474-1A3956D46DE8}") = "Assignment", "Assignment", "{45AA2E44-E332-4B62-B1F7-0B066509961B}"
EndProject
Project("{FAE04EC0-301F-11D3-BF4B-00C04F79EFBC}") = "Assignment", "Modules\Assignment\Assignment\Assignment.csproj", "{C1E5A34A-98CB-4105-85BF-CD42B16409DB}"
EndProject
Project("{2150E333-8FDC-42A3-9474-1A3956D46DE8}") = "Tests", "Tests", "{0AB3BF05-4346-4AA6-1389-037BE0695223}"
EndProject
Project("{2150E333-8FDC-42A3-9474-1A3956D46DE8}") = "Unit", "Unit", "{9D556B49-86D1-93A7-9596-FFAAB74EC556}"
EndProject
Project("{FAE04EC0-301F-11D3-BF4B-00C04F79EFBC}") = "Request.Tests", "Tests\Unit\Request.Tests\Request.Tests.csproj", "{F597CCD2-82F6-4882-92AB-D6480E6DE4E4}"
EndProject
Project("{FAE04EC0-301F-11D3-BF4B-00C04F79EFBC}") = "Document.Tests", "Tests\Unit\Document.Tests\Document.Tests.csproj", "{2FC0F62D-9285-4A2C-A83A-A0E3D2F268D4}"
EndProject
Global
	GlobalSection(SolutionConfigurationPlatforms) = preSolution
		Debug|Any CPU = Debug|Any CPU
		Debug|x64 = Debug|x64
		Debug|x86 = Debug|x86
		Release|Any CPU = Release|Any CPU
		Release|x64 = Release|x64
		Release|x86 = Release|x86
	EndGlobalSection
	GlobalSection(ProjectConfigurationPlatforms) = postSolution
		{A347E0D7-0F56-44AB-89E8-0558C3D7C358}.Debug|Any CPU.ActiveCfg = Debug|Any CPU
		{A347E0D7-0F56-44AB-89E8-0558C3D7C358}.Debug|Any CPU.Build.0 = Debug|Any CPU
		{A347E0D7-0F56-44AB-89E8-0558C3D7C358}.Debug|x64.ActiveCfg = Debug|Any CPU
		{A347E0D7-0F56-44AB-89E8-0558C3D7C358}.Debug|x64.Build.0 = Debug|Any CPU
		{A347E0D7-0F56-44AB-89E8-0558C3D7C358}.Debug|x86.ActiveCfg = Debug|Any CPU
		{A347E0D7-0F56-44AB-89E8-0558C3D7C358}.Debug|x86.Build.0 = Debug|Any CPU
		{A347E0D7-0F56-44AB-89E8-0558C3D7C358}.Release|Any CPU.ActiveCfg = Release|Any CPU
		{A347E0D7-0F56-44AB-89E8-0558C3D7C358}.Release|Any CPU.Build.0 = Release|Any CPU
		{A347E0D7-0F56-44AB-89E8-0558C3D7C358}.Release|x64.ActiveCfg = Release|Any CPU
		{A347E0D7-0F56-44AB-89E8-0558C3D7C358}.Release|x64.Build.0 = Release|Any CPU
		{A347E0D7-0F56-44AB-89E8-0558C3D7C358}.Release|x86.ActiveCfg = Release|Any CPU
		{A347E0D7-0F56-44AB-89E8-0558C3D7C358}.Release|x86.Build.0 = Release|Any CPU
		{BCC1C283-FCE2-4528-9CDA-07652AB4B92E}.Debug|Any CPU.ActiveCfg = Debug|Any CPU
		{BCC1C283-FCE2-4528-9CDA-07652AB4B92E}.Debug|Any CPU.Build.0 = Debug|Any CPU
		{BCC1C283-FCE2-4528-9CDA-07652AB4B92E}.Debug|x64.ActiveCfg = Debug|Any CPU
		{BCC1C283-FCE2-4528-9CDA-07652AB4B92E}.Debug|x64.Build.0 = Debug|Any CPU
		{BCC1C283-FCE2-4528-9CDA-07652AB4B92E}.Debug|x86.ActiveCfg = Debug|Any CPU
		{BCC1C283-FCE2-4528-9CDA-07652AB4B92E}.Debug|x86.Build.0 = Debug|Any CPU
		{BCC1C283-FCE2-4528-9CDA-07652AB4B92E}.Release|Any CPU.ActiveCfg = Release|Any CPU
		{BCC1C283-FCE2-4528-9CDA-07652AB4B92E}.Release|Any CPU.Build.0 = Release|Any CPU
		{BCC1C283-FCE2-4528-9CDA-07652AB4B92E}.Release|x64.ActiveCfg = Release|Any CPU
		{BCC1C283-FCE2-4528-9CDA-07652AB4B92E}.Release|x64.Build.0 = Release|Any CPU
		{BCC1C283-FCE2-4528-9CDA-07652AB4B92E}.Release|x86.ActiveCfg = Release|Any CPU
		{BCC1C283-FCE2-4528-9CDA-07652AB4B92E}.Release|x86.Build.0 = Release|Any CPU
		{7B3A9AE3-5303-4E98-B0FC-901391F75327}.Debug|Any CPU.ActiveCfg = Debug|Any CPU
		{7B3A9AE3-5303-4E98-B0FC-901391F75327}.Debug|Any CPU.Build.0 = Debug|Any CPU
		{7B3A9AE3-5303-4E98-B0FC-901391F75327}.Debug|x64.ActiveCfg = Debug|Any CPU
		{7B3A9AE3-5303-4E98-B0FC-901391F75327}.Debug|x64.Build.0 = Debug|Any CPU
		{7B3A9AE3-5303-4E98-B0FC-901391F75327}.Debug|x86.ActiveCfg = Debug|Any CPU
		{7B3A9AE3-5303-4E98-B0FC-901391F75327}.Debug|x86.Build.0 = Debug|Any CPU
		{7B3A9AE3-5303-4E98-B0FC-901391F75327}.Release|Any CPU.ActiveCfg = Release|Any CPU
		{7B3A9AE3-5303-4E98-B0FC-901391F75327}.Release|Any CPU.Build.0 = Release|Any CPU
		{7B3A9AE3-5303-4E98-B0FC-901391F75327}.Release|x64.ActiveCfg = Release|Any CPU
		{7B3A9AE3-5303-4E98-B0FC-901391F75327}.Release|x64.Build.0 = Release|Any CPU
		{7B3A9AE3-5303-4E98-B0FC-901391F75327}.Release|x86.ActiveCfg = Release|Any CPU
		{7B3A9AE3-5303-4E98-B0FC-901391F75327}.Release|x86.Build.0 = Release|Any CPU
		{2A31BE3B-06A9-433A-ACC3-81AB94128966}.Debug|Any CPU.ActiveCfg = Debug|Any CPU
		{2A31BE3B-06A9-433A-ACC3-81AB94128966}.Debug|Any CPU.Build.0 = Debug|Any CPU
		{2A31BE3B-06A9-433A-ACC3-81AB94128966}.Debug|x64.ActiveCfg = Debug|Any CPU
		{2A31BE3B-06A9-433A-ACC3-81AB94128966}.Debug|x64.Build.0 = Debug|Any CPU
		{2A31BE3B-06A9-433A-ACC3-81AB94128966}.Debug|x86.ActiveCfg = Debug|Any CPU
		{2A31BE3B-06A9-433A-ACC3-81AB94128966}.Debug|x86.Build.0 = Debug|Any CPU
		{2A31BE3B-06A9-433A-ACC3-81AB94128966}.Release|Any CPU.ActiveCfg = Release|Any CPU
		{2A31BE3B-06A9-433A-ACC3-81AB94128966}.Release|Any CPU.Build.0 = Release|Any CPU
		{2A31BE3B-06A9-433A-ACC3-81AB94128966}.Release|x64.ActiveCfg = Release|Any CPU
		{2A31BE3B-06A9-433A-ACC3-81AB94128966}.Release|x64.Build.0 = Release|Any CPU
		{2A31BE3B-06A9-433A-ACC3-81AB94128966}.Release|x86.ActiveCfg = Release|Any CPU
		{2A31BE3B-06A9-433A-ACC3-81AB94128966}.Release|x86.Build.0 = Release|Any CPU
		{1CA7B1C3-50E5-4ECD-BCE2-D4CF1EF45F44}.Debug|Any CPU.ActiveCfg = Debug|Any CPU
		{1CA7B1C3-50E5-4ECD-BCE2-D4CF1EF45F44}.Debug|Any CPU.Build.0 = Debug|Any CPU
		{1CA7B1C3-50E5-4ECD-BCE2-D4CF1EF45F44}.Debug|x64.ActiveCfg = Debug|Any CPU
		{1CA7B1C3-50E5-4ECD-BCE2-D4CF1EF45F44}.Debug|x64.Build.0 = Debug|Any CPU
		{1CA7B1C3-50E5-4ECD-BCE2-D4CF1EF45F44}.Debug|x86.ActiveCfg = Debug|Any CPU
		{1CA7B1C3-50E5-4ECD-BCE2-D4CF1EF45F44}.Debug|x86.Build.0 = Debug|Any CPU
		{1CA7B1C3-50E5-4ECD-BCE2-D4CF1EF45F44}.Release|Any CPU.ActiveCfg = Release|Any CPU
		{1CA7B1C3-50E5-4ECD-BCE2-D4CF1EF45F44}.Release|Any CPU.Build.0 = Release|Any CPU
		{1CA7B1C3-50E5-4ECD-BCE2-D4CF1EF45F44}.Release|x64.ActiveCfg = Release|Any CPU
		{1CA7B1C3-50E5-4ECD-BCE2-D4CF1EF45F44}.Release|x64.Build.0 = Release|Any CPU
		{1CA7B1C3-50E5-4ECD-BCE2-D4CF1EF45F44}.Release|x86.ActiveCfg = Release|Any CPU
		{1CA7B1C3-50E5-4ECD-BCE2-D4CF1EF45F44}.Release|x86.Build.0 = Release|Any CPU
		{4295FD24-FDBA-44AD-B25C-C8C053E0FC3F}.Debug|Any CPU.ActiveCfg = Debug|Any CPU
		{4295FD24-FDBA-44AD-B25C-C8C053E0FC3F}.Debug|Any CPU.Build.0 = Debug|Any CPU
		{4295FD24-FDBA-44AD-B25C-C8C053E0FC3F}.Debug|x64.ActiveCfg = Debug|Any CPU
		{4295FD24-FDBA-44AD-B25C-C8C053E0FC3F}.Debug|x64.Build.0 = Debug|Any CPU
		{4295FD24-FDBA-44AD-B25C-C8C053E0FC3F}.Debug|x86.ActiveCfg = Debug|Any CPU
		{4295FD24-FDBA-44AD-B25C-C8C053E0FC3F}.Debug|x86.Build.0 = Debug|Any CPU
		{4295FD24-FDBA-44AD-B25C-C8C053E0FC3F}.Release|Any CPU.ActiveCfg = Release|Any CPU
		{4295FD24-FDBA-44AD-B25C-C8C053E0FC3F}.Release|Any CPU.Build.0 = Release|Any CPU
		{4295FD24-FDBA-44AD-B25C-C8C053E0FC3F}.Release|x64.ActiveCfg = Release|Any CPU
		{4295FD24-FDBA-44AD-B25C-C8C053E0FC3F}.Release|x64.Build.0 = Release|Any CPU
		{4295FD24-FDBA-44AD-B25C-C8C053E0FC3F}.Release|x86.ActiveCfg = Release|Any CPU
		{4295FD24-FDBA-44AD-B25C-C8C053E0FC3F}.Release|x86.Build.0 = Release|Any CPU
		{87CD2743-C371-4E88-9B57-D222C0DFC5FF}.Debug|Any CPU.ActiveCfg = Debug|Any CPU
		{87CD2743-C371-4E88-9B57-D222C0DFC5FF}.Debug|Any CPU.Build.0 = Debug|Any CPU
		{87CD2743-C371-4E88-9B57-D222C0DFC5FF}.Debug|x64.ActiveCfg = Debug|Any CPU
		{87CD2743-C371-4E88-9B57-D222C0DFC5FF}.Debug|x64.Build.0 = Debug|Any CPU
		{87CD2743-C371-4E88-9B57-D222C0DFC5FF}.Debug|x86.ActiveCfg = Debug|Any CPU
		{87CD2743-C371-4E88-9B57-D222C0DFC5FF}.Debug|x86.Build.0 = Debug|Any CPU
		{87CD2743-C371-4E88-9B57-D222C0DFC5FF}.Release|Any CPU.ActiveCfg = Release|Any CPU
		{87CD2743-C371-4E88-9B57-D222C0DFC5FF}.Release|Any CPU.Build.0 = Release|Any CPU
		{87CD2743-C371-4E88-9B57-D222C0DFC5FF}.Release|x64.ActiveCfg = Release|Any CPU
		{87CD2743-C371-4E88-9B57-D222C0DFC5FF}.Release|x64.Build.0 = Release|Any CPU
		{87CD2743-C371-4E88-9B57-D222C0DFC5FF}.Release|x86.ActiveCfg = Release|Any CPU
		{87CD2743-C371-4E88-9B57-D222C0DFC5FF}.Release|x86.Build.0 = Release|Any CPU
		{D88A318C-EC22-4AB2-A5AE-70F029BB6D99}.Debug|Any CPU.ActiveCfg = Debug|Any CPU
		{D88A318C-EC22-4AB2-A5AE-70F029BB6D99}.Debug|Any CPU.Build.0 = Debug|Any CPU
		{D88A318C-EC22-4AB2-A5AE-70F029BB6D99}.Debug|x64.ActiveCfg = Debug|Any CPU
		{D88A318C-EC22-4AB2-A5AE-70F029BB6D99}.Debug|x64.Build.0 = Debug|Any CPU
		{D88A318C-EC22-4AB2-A5AE-70F029BB6D99}.Debug|x86.ActiveCfg = Debug|Any CPU
		{D88A318C-EC22-4AB2-A5AE-70F029BB6D99}.Debug|x86.Build.0 = Debug|Any CPU
		{D88A318C-EC22-4AB2-A5AE-70F029BB6D99}.Release|Any CPU.ActiveCfg = Release|Any CPU
		{D88A318C-EC22-4AB2-A5AE-70F029BB6D99}.Release|Any CPU.Build.0 = Release|Any CPU
		{D88A318C-EC22-4AB2-A5AE-70F029BB6D99}.Release|x64.ActiveCfg = Release|Any CPU
		{D88A318C-EC22-4AB2-A5AE-70F029BB6D99}.Release|x64.Build.0 = Release|Any CPU
		{D88A318C-EC22-4AB2-A5AE-70F029BB6D99}.Release|x86.ActiveCfg = Release|Any CPU
		{D88A318C-EC22-4AB2-A5AE-70F029BB6D99}.Release|x86.Build.0 = Release|Any CPU
		{D7FCEF6A-C616-4D19-A0ED-942E18939DBC}.Debug|Any CPU.ActiveCfg = Debug|Any CPU
		{D7FCEF6A-C616-4D19-A0ED-942E18939DBC}.Debug|Any CPU.Build.0 = Debug|Any CPU
		{D7FCEF6A-C616-4D19-A0ED-942E18939DBC}.Debug|x64.ActiveCfg = Debug|Any CPU
		{D7FCEF6A-C616-4D19-A0ED-942E18939DBC}.Debug|x64.Build.0 = Debug|Any CPU
		{D7FCEF6A-C616-4D19-A0ED-942E18939DBC}.Debug|x86.ActiveCfg = Debug|Any CPU
		{D7FCEF6A-C616-4D19-A0ED-942E18939DBC}.Debug|x86.Build.0 = Debug|Any CPU
		{D7FCEF6A-C616-4D19-A0ED-942E18939DBC}.Release|Any CPU.ActiveCfg = Release|Any CPU
		{D7FCEF6A-C616-4D19-A0ED-942E18939DBC}.Release|Any CPU.Build.0 = Release|Any CPU
		{D7FCEF6A-C616-4D19-A0ED-942E18939DBC}.Release|x64.ActiveCfg = Release|Any CPU
		{D7FCEF6A-C616-4D19-A0ED-942E18939DBC}.Release|x64.Build.0 = Release|Any CPU
		{D7FCEF6A-C616-4D19-A0ED-942E18939DBC}.Release|x86.ActiveCfg = Release|Any CPU
		{D7FCEF6A-C616-4D19-A0ED-942E18939DBC}.Release|x86.Build.0 = Release|Any CPU
		{69F1BC54-92EF-4551-A933-9805B91909B5}.Debug|Any CPU.ActiveCfg = Debug|Any CPU
		{69F1BC54-92EF-4551-A933-9805B91909B5}.Debug|Any CPU.Build.0 = Debug|Any CPU
		{69F1BC54-92EF-4551-A933-9805B91909B5}.Debug|x64.ActiveCfg = Debug|Any CPU
		{69F1BC54-92EF-4551-A933-9805B91909B5}.Debug|x64.Build.0 = Debug|Any CPU
		{69F1BC54-92EF-4551-A933-9805B91909B5}.Debug|x86.ActiveCfg = Debug|Any CPU
		{69F1BC54-92EF-4551-A933-9805B91909B5}.Debug|x86.Build.0 = Debug|Any CPU
		{69F1BC54-92EF-4551-A933-9805B91909B5}.Release|Any CPU.ActiveCfg = Release|Any CPU
		{69F1BC54-92EF-4551-A933-9805B91909B5}.Release|Any CPU.Build.0 = Release|Any CPU
		{69F1BC54-92EF-4551-A933-9805B91909B5}.Release|x64.ActiveCfg = Release|Any CPU
		{69F1BC54-92EF-4551-A933-9805B91909B5}.Release|x64.Build.0 = Release|Any CPU
		{69F1BC54-92EF-4551-A933-9805B91909B5}.Release|x86.ActiveCfg = Release|Any CPU
		{69F1BC54-92EF-4551-A933-9805B91909B5}.Release|x86.Build.0 = Release|Any CPU
		{9F3CD4BC-115B-4A1A-803B-E29AF7F42530}.Debug|Any CPU.ActiveCfg = Debug|Any CPU
		{9F3CD4BC-115B-4A1A-803B-E29AF7F42530}.Debug|Any CPU.Build.0 = Debug|Any CPU
		{9F3CD4BC-115B-4A1A-803B-E29AF7F42530}.Debug|x64.ActiveCfg = Debug|Any CPU
		{9F3CD4BC-115B-4A1A-803B-E29AF7F42530}.Debug|x64.Build.0 = Debug|Any CPU
		{9F3CD4BC-115B-4A1A-803B-E29AF7F42530}.Debug|x86.ActiveCfg = Debug|Any CPU
		{9F3CD4BC-115B-4A1A-803B-E29AF7F42530}.Debug|x86.Build.0 = Debug|Any CPU
		{9F3CD4BC-115B-4A1A-803B-E29AF7F42530}.Release|Any CPU.ActiveCfg = Release|Any CPU
		{9F3CD4BC-115B-4A1A-803B-E29AF7F42530}.Release|Any CPU.Build.0 = Release|Any CPU
		{9F3CD4BC-115B-4A1A-803B-E29AF7F42530}.Release|x64.ActiveCfg = Release|Any CPU
		{9F3CD4BC-115B-4A1A-803B-E29AF7F42530}.Release|x64.Build.0 = Release|Any CPU
		{9F3CD4BC-115B-4A1A-803B-E29AF7F42530}.Release|x86.ActiveCfg = Release|Any CPU
		{9F3CD4BC-115B-4A1A-803B-E29AF7F42530}.Release|x86.Build.0 = Release|Any CPU
		{13F55613-B5E3-4060-979F-EBF107A3FFE8}.Debug|Any CPU.ActiveCfg = Debug|Any CPU
		{13F55613-B5E3-4060-979F-EBF107A3FFE8}.Debug|Any CPU.Build.0 = Debug|Any CPU
		{13F55613-B5E3-4060-979F-EBF107A3FFE8}.Debug|x64.ActiveCfg = Debug|Any CPU
		{13F55613-B5E3-4060-979F-EBF107A3FFE8}.Debug|x64.Build.0 = Debug|Any CPU
		{13F55613-B5E3-4060-979F-EBF107A3FFE8}.Debug|x86.ActiveCfg = Debug|Any CPU
		{13F55613-B5E3-4060-979F-EBF107A3FFE8}.Debug|x86.Build.0 = Debug|Any CPU
		{13F55613-B5E3-4060-979F-EBF107A3FFE8}.Release|Any CPU.ActiveCfg = Release|Any CPU
		{13F55613-B5E3-4060-979F-EBF107A3FFE8}.Release|Any CPU.Build.0 = Release|Any CPU
		{13F55613-B5E3-4060-979F-EBF107A3FFE8}.Release|x64.ActiveCfg = Release|Any CPU
		{13F55613-B5E3-4060-979F-EBF107A3FFE8}.Release|x64.Build.0 = Release|Any CPU
		{13F55613-B5E3-4060-979F-EBF107A3FFE8}.Release|x86.ActiveCfg = Release|Any CPU
		{13F55613-B5E3-4060-979F-EBF107A3FFE8}.Release|x86.Build.0 = Release|Any CPU
		{C1E5A34A-98CB-4105-85BF-CD42B16409DB}.Debug|Any CPU.ActiveCfg = Debug|Any CPU
		{C1E5A34A-98CB-4105-85BF-CD42B16409DB}.Debug|Any CPU.Build.0 = Debug|Any CPU
		{C1E5A34A-98CB-4105-85BF-CD42B16409DB}.Debug|x64.ActiveCfg = Debug|Any CPU
		{C1E5A34A-98CB-4105-85BF-CD42B16409DB}.Debug|x64.Build.0 = Debug|Any CPU
		{C1E5A34A-98CB-4105-85BF-CD42B16409DB}.Debug|x86.ActiveCfg = Debug|Any CPU
		{C1E5A34A-98CB-4105-85BF-CD42B16409DB}.Debug|x86.Build.0 = Debug|Any CPU
		{C1E5A34A-98CB-4105-85BF-CD42B16409DB}.Release|Any CPU.ActiveCfg = Release|Any CPU
		{C1E5A34A-98CB-4105-85BF-CD42B16409DB}.Release|Any CPU.Build.0 = Release|Any CPU
		{C1E5A34A-98CB-4105-85BF-CD42B16409DB}.Release|x64.ActiveCfg = Release|Any CPU
		{C1E5A34A-98CB-4105-85BF-CD42B16409DB}.Release|x64.Build.0 = Release|Any CPU
		{C1E5A34A-98CB-4105-85BF-CD42B16409DB}.Release|x86.ActiveCfg = Release|Any CPU
		{C1E5A34A-98CB-4105-85BF-CD42B16409DB}.Release|x86.Build.0 = Release|Any CPU
		{F597CCD2-82F6-4882-92AB-D6480E6DE4E4}.Debug|Any CPU.ActiveCfg = Debug|Any CPU
		{F597CCD2-82F6-4882-92AB-D6480E6DE4E4}.Debug|Any CPU.Build.0 = Debug|Any CPU
		{F597CCD2-82F6-4882-92AB-D6480E6DE4E4}.Debug|x64.ActiveCfg = Debug|Any CPU
		{F597CCD2-82F6-4882-92AB-D6480E6DE4E4}.Debug|x64.Build.0 = Debug|Any CPU
		{F597CCD2-82F6-4882-92AB-D6480E6DE4E4}.Debug|x86.ActiveCfg = Debug|Any CPU
		{F597CCD2-82F6-4882-92AB-D6480E6DE4E4}.Debug|x86.Build.0 = Debug|Any CPU
		{F597CCD2-82F6-4882-92AB-D6480E6DE4E4}.Release|Any CPU.ActiveCfg = Release|Any CPU
		{F597CCD2-82F6-4882-92AB-D6480E6DE4E4}.Release|Any CPU.Build.0 = Release|Any CPU
		{F597CCD2-82F6-4882-92AB-D6480E6DE4E4}.Release|x64.ActiveCfg = Release|Any CPU
		{F597CCD2-82F6-4882-92AB-D6480E6DE4E4}.Release|x64.Build.0 = Release|Any CPU
		{F597CCD2-82F6-4882-92AB-D6480E6DE4E4}.Release|x86.ActiveCfg = Release|Any CPU
		{F597CCD2-82F6-4882-92AB-D6480E6DE4E4}.Release|x86.Build.0 = Release|Any CPU
		{2FC0F62D-9285-4A2C-A83A-A0E3D2F268D4}.Debug|Any CPU.ActiveCfg = Debug|Any CPU
		{2FC0F62D-9285-4A2C-A83A-A0E3D2F268D4}.Debug|Any CPU.Build.0 = Debug|Any CPU
		{2FC0F62D-9285-4A2C-A83A-A0E3D2F268D4}.Debug|x64.ActiveCfg = Debug|Any CPU
		{2FC0F62D-9285-4A2C-A83A-A0E3D2F268D4}.Debug|x64.Build.0 = Debug|Any CPU
		{2FC0F62D-9285-4A2C-A83A-A0E3D2F268D4}.Debug|x86.ActiveCfg = Debug|Any CPU
		{2FC0F62D-9285-4A2C-A83A-A0E3D2F268D4}.Debug|x86.Build.0 = Debug|Any CPU
		{2FC0F62D-9285-4A2C-A83A-A0E3D2F268D4}.Release|Any CPU.ActiveCfg = Release|Any CPU
		{2FC0F62D-9285-4A2C-A83A-A0E3D2F268D4}.Release|Any CPU.Build.0 = Release|Any CPU
		{2FC0F62D-9285-4A2C-A83A-A0E3D2F268D4}.Release|x64.ActiveCfg = Release|Any CPU
		{2FC0F62D-9285-4A2C-A83A-A0E3D2F268D4}.Release|x64.Build.0 = Release|Any CPU
		{2FC0F62D-9285-4A2C-A83A-A0E3D2F268D4}.Release|x86.ActiveCfg = Release|Any CPU
		{2FC0F62D-9285-4A2C-A83A-A0E3D2F268D4}.Release|x86.Build.0 = Release|Any CPU
	EndGlobalSection
	GlobalSection(SolutionProperties) = preSolution
		HideSolutionNode = FALSE
	EndGlobalSection
	GlobalSection(NestedProjects) = preSolution
		{A347E0D7-0F56-44AB-89E8-0558C3D7C358} = {5310A871-B8F0-0791-A052-C8A19D59FF82}
		{BCC1C283-FCE2-4528-9CDA-07652AB4B92E} = {4F52FD11-658E-A102-6CD3-7D7C16FFA15B}
		{4EBE67D9-B4EF-C36F-5CF8-78BC850532FE} = {CA253913-39DE-BFD0-C9A3-4B7EC6FBDF17}
		{7B3A9AE3-5303-4E98-B0FC-901391F75327} = {4EBE67D9-B4EF-C36F-5CF8-78BC850532FE}
		{9C82B30F-888B-A964-7682-5BFC69CDDDCC} = {CA253913-39DE-BFD0-C9A3-4B7EC6FBDF17}
		{2A31BE3B-06A9-433A-ACC3-81AB94128966} = {9C82B30F-888B-A964-7682-5BFC69CDDDCC}
		{71BE00F0-B5FC-9745-C01A-A42F4D935C52} = {CA253913-39DE-BFD0-C9A3-4B7EC6FBDF17}
		{1CA7B1C3-50E5-4ECD-BCE2-D4CF1EF45F44} = {71BE00F0-B5FC-9745-C01A-A42F4D935C52}
		{4295FD24-FDBA-44AD-B25C-C8C053E0FC3F} = {9C82B30F-888B-A964-7682-5BFC69CDDDCC}
		{87CD2743-C371-4E88-9B57-D222C0DFC5FF} = {4F52FD11-658E-A102-6CD3-7D7C16FFA15B}
		{D88A318C-EC22-4AB2-A5AE-70F029BB6D99} = {4F52FD11-658E-A102-6CD3-7D7C16FFA15B}
		{120F68EA-3321-40EB-8BEC-35EB788F7776} = {CA253913-39DE-BFD0-C9A3-4B7EC6FBDF17}
		{D7FCEF6A-C616-4D19-A0ED-942E18939DBC} = {120F68EA-3321-40EB-8BEC-35EB788F7776}
		{69F1BC54-92EF-4551-A933-9805B91909B5} = {120F68EA-3321-40EB-8BEC-35EB788F7776}
		{D346542E-8B5C-9E1A-E7F7-0F6183E3D428} = {CA253913-39DE-BFD0-C9A3-4B7EC6FBDF17}
		{9F3CD4BC-115B-4A1A-803B-E29AF7F42530} = {D346542E-8B5C-9E1A-E7F7-0F6183E3D428}
		{13F55613-B5E3-4060-979F-EBF107A3FFE8} = {D346542E-8B5C-9E1A-E7F7-0F6183E3D428}
		{45AA2E44-E332-4B62-B1F7-0B066509961B} = {CA253913-39DE-BFD0-C9A3-4B7EC6FBDF17}
		{C1E5A34A-98CB-4105-85BF-CD42B16409DB} = {45AA2E44-E332-4B62-B1F7-0B066509961B}
		{9D556B49-86D1-93A7-9596-FFAAB74EC556} = {0AB3BF05-4346-4AA6-1389-037BE0695223}
		{F597CCD2-82F6-4882-92AB-D6480E6DE4E4} = {9D556B49-86D1-93A7-9596-FFAAB74EC556}
		{2FC0F62D-9285-4A2C-A83A-A0E3D2F268D4} = {9D556B49-86D1-93A7-9596-FFAAB74EC556}
	EndGlobalSection
EndGlobal
